# @generated by Move, please check-in and do not edit manually.

[move]
version = 3
manifest_digest = "3B6884470399D9089D21B5FCD5302D52E2EEAD935474D54FBA6ED4D3FD1B22C6"
deps_digest = "F8BBB0CCB2491CA29A3DF03D6F92277A4F3574266507ACD77214D37ECA3F3082"
dependencies = [
  { id = "Sui", name = "Sui" },
]

[[move.package]]
id = "MoveStdlib"
source = { git = "https://github.com/MystenLabs/sui.git", rev = "framework/testnet", subdir = "crates/sui-framework/packages/move-stdlib" }

[[move.package]]
id = "Sui"
source = { git = "https://github.com/MystenLabs/sui.git", rev = "framework/testnet", subdir = "crates/sui-framework/packages/sui-framework" }

dependencies = [
  { id = "MoveStdlib", name = "MoveStdlib" },
]

[move.toolchain-version]
compiler-version = "1.40.3"
edition = "2024.beta"
flavor = "sui"

[env]

[env.devnet]
chain-id = "5c7c5411"
original-published-id = "0x92658318e8e769c25c2b1dbca082b4ec81e3caaa145009ae744699e4dc03ecb1"
latest-published-id = "0x92658318e8e769c25c2b1dbca082b4ec81e3caaa145009ae744699e4dc03ecb1"
published-version = "1"

[env.testnet]
chain-id = "4c78adac"
original-published-id = "0x789c351fb058e548da6bbf6c251b60270f5308c13f6d9ca8af313f8398bfb3ce"
latest-published-id = "0x789c351fb058e548da6bbf6c251b60270f5308c13f6d9ca8af313f8398bfb3ce"
published-version = "1"
